
Microsoft Visual Studio Solution File, Format Version 12.00
# Visual Studio Version 17
VisualStudioVersion = 17.13.35806.99 d17.13
MinimumVisualStudioVersion = 10.0.40219.1
Project("{FAE04EC0-301F-11D3-BF4B-00C04F79EFBC}") = "QuanLySan", "QuanLySan\QuanLySan.csproj", "{2DA1C56F-F20E-4F88-8AA0-CD731FF7BFE7}"
EndProject
Global
	GlobalSection(SolutionConfigurationPlatforms) = preSolution
		Debug|Any CPU = Debug|Any CPU
		Release|Any CPU = Release|Any CPU
	EndGlobalSection
	GlobalSection(ProjectConfigurationPlatforms) = postSolution
		{2DA1C56F-F20E-4F88-8AA0-CD731FF7BFE7}.Debug|Any CPU.ActiveCfg = Debug|Any CPU
		{2DA1C56F-F20E-4F88-8AA0-CD731FF7BFE7}.Debug|Any CPU.Build.0 = Debug|Any CPU
		{2DA1C56F-F20E-4F88-8AA0-CD731FF7BFE7}.Release|Any CPU.ActiveCfg = Release|Any CPU
		{2DA1C56F-F20E-4F88-8AA0-CD731FF7BFE7}.Release|Any CPU.Build.0 = Release|Any CPU
	EndGlobalSection
	GlobalSection(SolutionProperties) = preSolution
		HideSolutionNode = FALSE
	EndGlobalSection
	GlobalSection(ExtensibilityGlobals) = postSolution
		SolutionGuid = {3E22BD22-0782-4D45-A263-E1F4D956D350}
	EndGlobalSection
EndGlobal
